// !$*UTF8*$!
{
	archiveVersion = 1;
	classes = {
	};
	objectVersion = 56;
	objects = {

/* Begin PBXBuildFile section */
		5A6889572BE3A36900AE6E41 /* asyncAwaitBootcampApp.swift in Sources */ = {isa = PBXBuildFile; fileRef = 5A6889562BE3A36900AE6E41 /* asyncAwaitBootcampApp.swift */; };
		5A6889592BE3A36900AE6E41 /* Screen1.swift in Sources */ = {isa = PBXBuildFile; fileRef = 5A6889582BE3A36900AE6E41 /* Screen1.swift */; };
		5A68895B2BE3A36C00AE6E41 /* Assets.xcassets in Resources */ = {isa = PBXBuildFile; fileRef = 5A68895A2BE3A36C00AE6E41 /* Assets.xcassets */; };
		5A68895E2BE3A36C00AE6E41 /* Preview Assets.xcassets in Resources */ = {isa = PBXBuildFile; fileRef = 5A68895D2BE3A36C00AE6E41 /* Preview Assets.xcassets */; };
		5A6889662BE3A48B00AE6E41 /* Viewmodel.swift in Sources */ = {isa = PBXBuildFile; fileRef = 5A6889652BE3A48B00AE6E41 /* Viewmodel.swift */; };
		5A6889682BE3A87200AE6E41 /* DataManger.swift in Sources */ = {isa = PBXBuildFile; fileRef = 5A6889672BE3A87200AE6E41 /* DataManger.swift */; };
		5A9EEAC72C00B05C004D2D1D /* Screen3.swift in Sources */ = {isa = PBXBuildFile; fileRef = 5A9EEAC62C00B05C004D2D1D /* Screen3.swift */; };
		5A9EEAC92C00B088004D2D1D /* Screen3ViewModel.swift in Sources */ = {isa = PBXBuildFile; fileRef = 5A9EEAC82C00B088004D2D1D /* Screen3ViewModel.swift */; };
		5A9EEB082C0463D5004D2D1D /* OpeningView.swift in Sources */ = {isa = PBXBuildFile; fileRef = 5A9EEB072C0463D5004D2D1D /* OpeningView.swift */; };
		5A9EEB0B2C047AE4004D2D1D /* AsyncLetView.swift in Sources */ = {isa = PBXBuildFile; fileRef = 5A9EEB0A2C047AE4004D2D1D /* AsyncLetView.swift */; };
		5A9EEB0D2C048263004D2D1D /* AsynLetViewModel.swift in Sources */ = {isa = PBXBuildFile; fileRef = 5A9EEB0C2C048263004D2D1D /* AsynLetViewModel.swift */; };
		5A9EEB102C0493B8004D2D1D /* TaskGroupView.swift in Sources */ = {isa = PBXBuildFile; fileRef = 5A9EEB0F2C0493B8004D2D1D /* TaskGroupView.swift */; };
		5A9EEB122C04946B004D2D1D /* TaskViewModel.swift in Sources */ = {isa = PBXBuildFile; fileRef = 5A9EEB112C04946B004D2D1D /* TaskViewModel.swift */; };
		5A9EEB142C04950D004D2D1D /* TaskDataManager.swift in Sources */ = {isa = PBXBuildFile; fileRef = 5A9EEB132C04950D004D2D1D /* TaskDataManager.swift */; };
		5ADF98102BEB47CD006AABD1 /* Screen2.swift in Sources */ = {isa = PBXBuildFile; fileRef = 5ADF980F2BEB47CD006AABD1 /* Screen2.swift */; };
		5ADF98132BEB4833006AABD1 /* Screen2ViewModel.swift in Sources */ = {isa = PBXBuildFile; fileRef = 5ADF98122BEB4833006AABD1 /* Screen2ViewModel.swift */; };
		5ADF98152BEB4847006AABD1 /* Screen2Datamanager.swift in Sources */ = {isa = PBXBuildFile; fileRef = 5ADF98142BEB4847006AABD1 /* Screen2Datamanager.swift */; };
/* End PBXBuildFile section */

/* Begin PBXFileReference section */
		5A6889532BE3A36900AE6E41 /* asyncAwaitBootcamp.app */ = {isa = PBXFileReference; explicitFileType = wrapper.application; includeInIndex = 0; path = asyncAwaitBootcamp.app; sourceTree = BUILT_PRODUCTS_DIR; };
		5A6889562BE3A36900AE6E41 /* asyncAwaitBootcampApp.swift */ = {isa = PBXFileReference; lastKnownFileType = sourcecode.swift; path = asyncAwaitBootcampApp.swift; sourceTree = "<group>"; };
		5A6889582BE3A36900AE6E41 /* Screen1.swift */ = {isa = PBXFileReference; lastKnownFileType = sourcecode.swift; path = Screen1.swift; sourceTree = "<group>"; };
		5A68895A2BE3A36C00AE6E41 /* Assets.xcassets */ = {isa = PBXFileReference; lastKnownFileType = folder.assetcatalog; path = Assets.xcassets; sourceTree = "<group>"; };
		5A68895D2BE3A36C00AE6E41 /* Preview Assets.xcassets */ = {isa = PBXFileReference; lastKnownFileType = folder.assetcatalog; path = "Preview Assets.xcassets"; sourceTree = "<group>"; };
		5A6889652BE3A48B00AE6E41 /* Viewmodel.swift */ = {isa = PBXFileReference; lastKnownFileType = sourcecode.swift; path = Viewmodel.swift; sourceTree = "<group>"; };
		5A6889672BE3A87200AE6E41 /* DataManger.swift */ = {isa = PBXFileReference; lastKnownFileType = sourcecode.swift; path = DataManger.swift; sourceTree = "<group>"; };
		5A9EEAC62C00B05C004D2D1D /* Screen3.swift */ = {isa = PBXFileReference; lastKnownFileType = sourcecode.swift; path = Screen3.swift; sourceTree = "<group>"; };
		5A9EEAC82C00B088004D2D1D /* Screen3ViewModel.swift */ = {isa = PBXFileReference; lastKnownFileType = sourcecode.swift; path = Screen3ViewModel.swift; sourceTree = "<group>"; };
		5A9EEB072C0463D5004D2D1D /* OpeningView.swift */ = {isa = PBXFileReference; lastKnownFileType = sourcecode.swift; path = OpeningView.swift; sourceTree = "<group>"; };
		5A9EEB0A2C047AE4004D2D1D /* AsyncLetView.swift */ = {isa = PBXFileReference; lastKnownFileType = sourcecode.swift; path = AsyncLetView.swift; sourceTree = "<group>"; };
		5A9EEB0C2C048263004D2D1D /* AsynLetViewModel.swift */ = {isa = PBXFileReference; lastKnownFileType = sourcecode.swift; path = AsynLetViewModel.swift; sourceTree = "<group>"; };
		5A9EEB0F2C0493B8004D2D1D /* TaskGroupView.swift */ = {isa = PBXFileReference; lastKnownFileType = sourcecode.swift; path = TaskGroupView.swift; sourceTree = "<group>"; };
		5A9EEB112C04946B004D2D1D /* TaskViewModel.swift */ = {isa = PBXFileReference; lastKnownFileType = sourcecode.swift; path = TaskViewModel.swift; sourceTree = "<group>"; };
		5A9EEB132C04950D004D2D1D /* TaskDataManager.swift */ = {isa = PBXFileReference; lastKnownFileType = sourcecode.swift; path = TaskDataManager.swift; sourceTree = "<group>"; };
		5ADF980F2BEB47CD006AABD1 /* Screen2.swift */ = {isa = PBXFileReference; lastKnownFileType = sourcecode.swift; path = Screen2.swift; sourceTree = "<group>"; };
		5ADF98122BEB4833006AABD1 /* Screen2ViewModel.swift */ = {isa = PBXFileReference; lastKnownFileType = sourcecode.swift; path = Screen2ViewModel.swift; sourceTree = "<group>"; };
		5ADF98142BEB4847006AABD1 /* Screen2Datamanager.swift */ = {isa = PBXFileReference; lastKnownFileType = sourcecode.swift; path = Screen2Datamanager.swift; sourceTree = "<group>"; };
/* End PBXFileReference section */

/* Begin PBXFrameworksBuildPhase section */
		5A6889502BE3A36900AE6E41 /* Frameworks */ = {
			isa = PBXFrameworksBuildPhase;
			buildActionMask = 2147483647;
			files = (
			);
			runOnlyForDeploymentPostprocessing = 0;
		};
/* End PBXFrameworksBuildPhase section */

/* Begin PBXGroup section */
		5A68894A2BE3A36900AE6E41 = {
			isa = PBXGroup;
			children = (
				5A6889552BE3A36900AE6E41 /* asyncAwaitBootcamp */,
				5A6889542BE3A36900AE6E41 /* Products */,
			);
			sourceTree = "<group>";
		};
		5A6889542BE3A36900AE6E41 /* Products */ = {
			isa = PBXGroup;
			children = (
				5A6889532BE3A36900AE6E41 /* asyncAwaitBootcamp.app */,
			);
			name = Products;
			sourceTree = "<group>";
		};
		5A6889552BE3A36900AE6E41 /* asyncAwaitBootcamp */ = {
			isa = PBXGroup;
			children = (
				5A6889562BE3A36900AE6E41 /* asyncAwaitBootcampApp.swift */,
				5A9EEB0E2C0493A4004D2D1D /* TaskGroup */,
				5A9EEB092C047AC5004D2D1D /* Async let */,
				5A9EEAC52C00B045004D2D1D /* Tasks */,
				5ADF980E2BEB47A9006AABD1 /* Threading&Swiftconcurrency */,
				5ADF980D2BEB4786006AABD1 /* AsyncAwait&MainActor */,
				5A68895A2BE3A36C00AE6E41 /* Assets.xcassets */,
				5A68895C2BE3A36C00AE6E41 /* Preview Content */,
			);
			path = asyncAwaitBootcamp;
			sourceTree = "<group>";
		};
		5A68895C2BE3A36C00AE6E41 /* Preview Content */ = {
			isa = PBXGroup;
			children = (
				5A68895D2BE3A36C00AE6E41 /* Preview Assets.xcassets */,
			);
			path = "Preview Content";
			sourceTree = "<group>";
		};
		5A9EEAC52C00B045004D2D1D /* Tasks */ = {
			isa = PBXGroup;
			children = (
				5A9EEAC62C00B05C004D2D1D /* Screen3.swift */,
				5A9EEB072C0463D5004D2D1D /* OpeningView.swift */,
				5A9EEAC82C00B088004D2D1D /* Screen3ViewModel.swift */,
			);
			path = Tasks;
			sourceTree = "<group>";
		};
		5A9EEB092C047AC5004D2D1D /* Async let */ = {
			isa = PBXGroup;
			children = (
				5A9EEB0A2C047AE4004D2D1D /* AsyncLetView.swift */,
				5A9EEB0C2C048263004D2D1D /* AsynLetViewModel.swift */,
			);
			path = "Async let";
			sourceTree = "<group>";
		};
		5A9EEB0E2C0493A4004D2D1D /* TaskGroup */ = {
			isa = PBXGroup;
			children = (
				5A9EEB0F2C0493B8004D2D1D /* TaskGroupView.swift */,
				5A9EEB112C04946B004D2D1D /* TaskViewModel.swift */,
				5A9EEB132C04950D004D2D1D /* TaskDataManager.swift */,
			);
			path = TaskGroup;
			sourceTree = "<group>";
		};
		5ADF980D2BEB4786006AABD1 /* AsyncAwait&MainActor */ = {
			isa = PBXGroup;
			children = (
				5A6889652BE3A48B00AE6E41 /* Viewmodel.swift */,
				5A6889672BE3A87200AE6E41 /* DataManger.swift */,
				5A6889582BE3A36900AE6E41 /* Screen1.swift */,
			);
			path = "AsyncAwait&MainActor";
			sourceTree = "<group>";
		};
		5ADF980E2BEB47A9006AABD1 /* Threading&Swiftconcurrency */ = {
			isa = PBXGroup;
			children = (
				5ADF980F2BEB47CD006AABD1 /* Screen2.swift */,
				5ADF98122BEB4833006AABD1 /* Screen2ViewModel.swift */,
				5ADF98862BEB802A006AABD1 /* New Group */,
				5ADF98142BEB4847006AABD1 /* Screen2Datamanager.swift */,
			);
			path = "Threading&Swiftconcurrency";
			sourceTree = "<group>";
		};
		5ADF98862BEB802A006AABD1 /* New Group */ = {
			isa = PBXGroup;
			children = (
			);
			path = "New Group";
			sourceTree = "<group>";
		};
/* End PBXGroup section */

/* Begin PBXNativeTarget section */
		5A6889522BE3A36900AE6E41 /* asyncAwaitBootcamp */ = {
			isa = PBXNativeTarget;
			buildConfigurationList = 5A6889622BE3A36C00AE6E41 /* Build configuration list for PBXNativeTarget "asyncAwaitBootcamp" */;
			buildPhases = (
				5A68894F2BE3A36900AE6E41 /* Sources */,
				5A6889502BE3A36900AE6E41 /* Frameworks */,
				5A6889512BE3A36900AE6E41 /* Resources */,
			);
			buildRules = (
			);
			dependencies = (
			);
			name = asyncAwaitBootcamp;
			productName = asyncAwaitBootcamp;
			productReference = 5A6889532BE3A36900AE6E41 /* asyncAwaitBootcamp.app */;
			productType = "com.apple.product-type.application";
		};
/* End PBXNativeTarget section */

/* Begin PBXProject section */
		5A68894B2BE3A36900AE6E41 /* Project object */ = {
			isa = PBXProject;
			attributes = {
				BuildIndependentTargetsInParallel = 1;
				LastSwiftUpdateCheck = 1520;
				LastUpgradeCheck = 1540;
				TargetAttributes = {
					5A6889522BE3A36900AE6E41 = {
						CreatedOnToolsVersion = 15.2;
					};
				};
			};
			buildConfigurationList = 5A68894E2BE3A36900AE6E41 /* Build configuration list for PBXProject "asyncAwaitBootcamp" */;
			compatibilityVersion = "Xcode 14.0";
			developmentRegion = en;
			hasScannedForEncodings = 0;
			knownRegions = (
				en,
				Base,
			);
			mainGroup = 5A68894A2BE3A36900AE6E41;
			productRefGroup = 5A6889542BE3A36900AE6E41 /* Products */;
			projectDirPath = "";
			projectRoot = "";
			targets = (
				5A6889522BE3A36900AE6E41 /* asyncAwaitBootcamp */,
			);
		};
/* End PBXProject section */

/* Begin PBXResourcesBuildPhase section */
		5A6889512BE3A36900AE6E41 /* Resources */ = {
			isa = PBXResourcesBuildPhase;
			buildActionMask = 2147483647;
			files = (
				5A68895E2BE3A36C00AE6E41 /* Preview Assets.xcassets in Resources */,
				5A68895B2BE3A36C00AE6E41 /* Assets.xcassets in Resources */,
			);
			runOnlyForDeploymentPostprocessing = 0;
		};
/* End PBXResourcesBuildPhase section */

/* Begin PBXSourcesBuildPhase section */
		5A68894F2BE3A36900AE6E41 /* Sources */ = {
			isa = PBXSourcesBuildPhase;
			buildActionMask = 2147483647;
			files = (
				5A9EEB142C04950D004D2D1D /* TaskDataManager.swift in Sources */,
				5A9EEB0B2C047AE4004D2D1D /* AsyncLetView.swift in Sources */,
				5A9EEB122C04946B004D2D1D /* TaskViewModel.swift in Sources */,
				5A9EEB0D2C048263004D2D1D /* AsynLetViewModel.swift in Sources */,
				5A6889592BE3A36900AE6E41 /* Screen1.swift in Sources */,
				5ADF98102BEB47CD006AABD1 /* Screen2.swift in Sources */,
				5A6889662BE3A48B00AE6E41 /* Viewmodel.swift in Sources */,
				5A9EEAC72C00B05C004D2D1D /* Screen3.swift in Sources */,
				5ADF98132BEB4833006AABD1 /* Screen2ViewModel.swift in Sources */,
				5A9EEB102C0493B8004D2D1D /* TaskGroupView.swift in Sources */,
				5A9EEB082C0463D5004D2D1D /* OpeningView.swift in Sources */,
				5ADF98152BEB4847006AABD1 /* Screen2Datamanager.swift in Sources */,
				5A6889572BE3A36900AE6E41 /* asyncAwaitBootcampApp.swift in Sources */,
				5A9EEAC92C00B088004D2D1D /* Screen3ViewModel.swift in Sources */,
				5A6889682BE3A87200AE6E41 /* DataManger.swift in Sources */,
			);
			runOnlyForDeploymentPostprocessing = 0;
		};
/* End PBXSourcesBuildPhase section */

/* Begin XCBuildConfiguration section */
		5A6889602BE3A36C00AE6E41 /* Debug */ = {
			isa = XCBuildConfiguration;
			buildSettings = {
				ALWAYS_SEARCH_USER_PATHS = NO;
				ASSETCATALOG_COMPILER_GENERATE_SWIFT_ASSET_SYMBOL_EXTENSIONS = YES;
				CLANG_ANALYZER_NONNULL = YES;
				CLANG_ANALYZER_NUMBER_OBJECT_CONVERSION = YES_AGGRESSIVE;
				CLANG_CXX_LANGUAGE_STANDARD = "gnu++20";
				CLANG_ENABLE_MODULES = YES;
				CLANG_ENABLE_OBJC_ARC = YES;
				CLANG_ENABLE_OBJC_WEAK = YES;
				CLANG_WARN_BLOCK_CAPTURE_AUTORELEASING = YES;
				CLANG_WARN_BOOL_CONVERSION = YES;
				CLANG_WARN_COMMA = YES;
				CLANG_WARN_CONSTANT_CONVERSION = YES;
				CLANG_WARN_DEPRECATED_OBJC_IMPLEMENTATIONS = YES;
				CLANG_WARN_DIRECT_OBJC_ISA_USAGE = YES_ERROR;
				CLANG_WARN_DOCUMENTATION_COMMENTS = YES;
				CLANG_WARN_EMPTY_BODY = YES;
				CLANG_WARN_ENUM_CONVERSION = YES;
				CLANG_WARN_INFINITE_RECURSION = YES;
				CLANG_WARN_INT_CONVERSION = YES;
				CLANG_WARN_NON_LITERAL_NULL_CONVERSION = YES;
				CLANG_WARN_OBJC_IMPLICIT_RETAIN_SELF = YES;
				CLANG_WARN_OBJC_LITERAL_CONVERSION = YES;
				CLANG_WARN_OBJC_ROOT_CLASS = YES_ERROR;
				CLANG_WARN_QUOTED_INCLUDE_IN_FRAMEWORK_HEADER = YES;
				CLANG_WARN_RANGE_LOOP_ANALYSIS = YES;
				CLANG_WARN_STRICT_PROTOTYPES = YES;
				CLANG_WARN_SUSPICIOUS_MOVE = YES;
				CLANG_WARN_UNGUARDED_AVAILABILITY = YES_AGGRESSIVE;
				CLANG_WARN_UNREACHABLE_CODE = YES;
				CLANG_WARN__DUPLICATE_METHOD_MATCH = YES;
				COPY_PHASE_STRIP = NO;
				DEAD_CODE_STRIPPING = YES;
				DEBUG_INFORMATION_FORMAT = dwarf;
				ENABLE_STRICT_OBJC_MSGSEND = YES;
				ENABLE_TESTABILITY = YES;
				ENABLE_USER_SCRIPT_SANDBOXING = YES;
				GCC_C_LANGUAGE_STANDARD = gnu17;
				GCC_DYNAMIC_NO_PIC = NO;
				GCC_NO_COMMON_BLOCKS = YES;
				GCC_OPTIMIZATION_LEVEL = 0;
				GCC_PREPROCESSOR_DEFINITIONS = (
					"DEBUG=1",
					"$(inherited)",
				);
				GCC_WARN_64_TO_32_BIT_CONVERSION = YES;
				GCC_WARN_ABOUT_RETURN_TYPE = YES_ERROR;
				GCC_WARN_UNDECLARED_SELECTOR = YES;
				GCC_WARN_UNINITIALIZED_AUTOS = YES_AGGRESSIVE;
				GCC_WARN_UNUSED_FUNCTION = YES;
				GCC_WARN_UNUSED_VARIABLE = YES;
				LOCALIZATION_PREFERS_STRING_CATALOGS = YES;
				MACOSX_DEPLOYMENT_TARGET = 14.2;
				MTL_ENABLE_DEBUG_INFO = INCLUDE_SOURCE;
				MTL_FAST_MATH = YES;
				ONLY_ACTIVE_ARCH = YES;
				SDKROOT = macosx;
				SWIFT_ACTIVE_COMPILATION_CONDITIONS = "DEBUG $(inherited)";
				SWIFT_OPTIMIZATION_LEVEL = "-Onone";
			};
			name = Debug;
		};
		5A6889612BE3A36C00AE6E41 /* Release */ = {
			isa = XCBuildConfiguration;
			buildSettings = {
				ALWAYS_SEARCH_USER_PATHS = NO;
				ASSETCATALOG_COMPILER_GENERATE_SWIFT_ASSET_SYMBOL_EXTENSIONS = YES;
				CLANG_ANALYZER_NONNULL = YES;
				CLANG_ANALYZER_NUMBER_OBJECT_CONVERSION = YES_AGGRESSIVE;
				CLANG_CXX_LANGUAGE_STANDARD = "gnu++20";
				CLANG_ENABLE_MODULES = YES;
				CLANG_ENABLE_OBJC_ARC = YES;
				CLANG_ENABLE_OBJC_WEAK = YES;
				CLANG_WARN_BLOCK_CAPTURE_AUTORELEASING = YES;
				CLANG_WARN_BOOL_CONVERSION = YES;
				CLANG_WARN_COMMA = YES;
				CLANG_WARN_CONSTANT_CONVERSION = YES;
				CLANG_WARN_DEPRECATED_OBJC_IMPLEMENTATIONS = YES;
				CLANG_WARN_DIRECT_OBJC_ISA_USAGE = YES_ERROR;
				CLANG_WARN_DOCUMENTATION_COMMENTS = YES;
				CLANG_WARN_EMPTY_BODY = YES;
				CLANG_WARN_ENUM_CONVERSION = YES;
				CLANG_WARN_INFINITE_RECURSION = YES;
				CLANG_WARN_INT_CONVERSION = YES;
				CLANG_WARN_NON_LITERAL_NULL_CONVERSION = YES;
				CLANG_WARN_OBJC_IMPLICIT_RETAIN_SELF = YES;
				CLANG_WARN_OBJC_LITERAL_CONVERSION = YES;
				CLANG_WARN_OBJC_ROOT_CLASS = YES_ERROR;
				CLANG_WARN_QUOTED_INCLUDE_IN_FRAMEWORK_HEADER = YES;
				CLANG_WARN_RANGE_LOOP_ANALYSIS = YES;
				CLANG_WARN_STRICT_PROTOTYPES = YES;
				CLANG_WARN_SUSPICIOUS_MOVE = YES;
				CLANG_WARN_UNGUARDED_AVAILABILITY = YES_AGGRESSIVE;
				CLANG_WARN_UNREACHABLE_CODE = YES;
				CLANG_WARN__DUPLICATE_METHOD_MATCH = YES;
				COPY_PHASE_STRIP = NO;
				DEAD_CODE_STRIPPING = YES;
				DEBUG_INFORMATION_FORMAT = "dwarf-with-dsym";
				ENABLE_NS_ASSERTIONS = NO;
				ENABLE_STRICT_OBJC_MSGSEND = YES;
				ENABLE_USER_SCRIPT_SANDBOXING = YES;
				GCC_C_LANGUAGE_STANDARD = gnu17;
				GCC_NO_COMMON_BLOCKS = YES;
				GCC_WARN_64_TO_32_BIT_CONVERSION = YES;
				GCC_WARN_ABOUT_RETURN_TYPE = YES_ERROR;
				GCC_WARN_UNDECLARED_SELECTOR = YES;
				GCC_WARN_UNINITIALIZED_AUTOS = YES_AGGRESSIVE;
				GCC_WARN_UNUSED_FUNCTION = YES;
				GCC_WARN_UNUSED_VARIABLE = YES;
				LOCALIZATION_PREFERS_STRING_CATALOGS = YES;
				MACOSX_DEPLOYMENT_TARGET = 14.2;
				MTL_ENABLE_DEBUG_INFO = NO;
				MTL_FAST_MATH = YES;
				SDKROOT = macosx;
				SWIFT_COMPILATION_MODE = wholemodule;
			};
			name = Release;
		};
		5A6889632BE3A36C00AE6E41 /* Debug */ = {
			isa = XCBuildConfiguration;
			buildSettings = {
				ASSETCATALOG_COMPILER_APPICON_NAME = AppIcon;
				ASSETCATALOG_COMPILER_GLOBAL_ACCENT_COLOR_NAME = AccentColor;
				CODE_SIGN_ENTITLEMENTS = asyncAwaitBootcamp/asyncAwaitBootcamp.entitlements;
				CODE_SIGN_STYLE = Automatic;
				COMBINE_HIDPI_IMAGES = YES;
				CURRENT_PROJECT_VERSION = 1;
				DEAD_CODE_STRIPPING = YES;
				DEVELOPMENT_ASSET_PATHS = "\"asyncAwaitBootcamp/Preview Content\"";
				ENABLE_PREVIEWS = YES;
				GENERATE_INFOPLIST_FILE = YES;
				INFOPLIST_KEY_NSHumanReadableCopyright = "";
				LD_RUNPATH_SEARCH_PATHS = (
					"$(inherited)",
					"@executable_path/../Frameworks",
				);
				MARKETING_VERSION = 1.0;
				PRODUCT_BUNDLE_IDENTIFIER = d.company.asyncAwaitBootcamp;
				PRODUCT_NAME = "$(TARGET_NAME)";
				SUPPORTED_PLATFORMS = "iphoneos iphonesimulator";
				SUPPORTS_MACCATALYST = NO;
				SWIFT_EMIT_LOC_STRINGS = YES;
				SWIFT_VERSION = 5.0;
				TARGETED_DEVICE_FAMILY = 1;
			};
			name = Debug;
		};
		5A6889642BE3A36C00AE6E41 /* Release */ = {
			isa = XCBuildConfiguration;
			buildSettings = {
				ASSETCATALOG_COMPILER_APPICON_NAME = AppIcon;
				ASSETCATALOG_COMPILER_GLOBAL_ACCENT_COLOR_NAME = AccentColor;
				CODE_SIGN_ENTITLEMENTS = asyncAwaitBootcamp/asyncAwaitBootcamp.entitlements;
				CODE_SIGN_STYLE = Automatic;
				COMBINE_HIDPI_IMAGES = YES;
				CURRENT_PROJECT_VERSION = 1;
				DEAD_CODE_STRIPPING = YES;
				DEVELOPMENT_ASSET_PATHS = "\"asyncAwaitBootcamp/Preview Content\"";
				ENABLE_PREVIEWS = YES;
				GENERATE_INFOPLIST_FILE = YES;
				INFOPLIST_KEY_NSHumanReadableCopyright = "";
				LD_RUNPATH_SEARCH_PATHS = (
					"$(inherited)",
					"@executable_path/../Frameworks",
				);
				MARKETING_VERSION = 1.0;
				PRODUCT_BUNDLE_IDENTIFIER = d.company.asyncAwaitBootcamp;
				PRODUCT_NAME = "$(TARGET_NAME)";
				SUPPORTED_PLATFORMS = "iphoneos iphonesimulator";
				SUPPORTS_MACCATALYST = NO;
				SWIFT_EMIT_LOC_STRINGS = YES;
				SWIFT_VERSION = 5.0;
				TARGETED_DEVICE_FAMILY = 1;
			};
			name = Release;
		};
/* End XCBuildConfiguration section */

/* Begin XCConfigurationList section */
		5A68894E2BE3A36900AE6E41 /* Build configuration list for PBXProject "asyncAwaitBootcamp" */ = {
			isa = XCConfigurationList;
			buildConfigurations = (
				5A6889602BE3A36C00AE6E41 /* Debug */,
				5A6889612BE3A36C00AE6E41 /* Release */,
			);
			defaultConfigurationIsVisible = 0;
			defaultConfigurationName = Release;
		};
		5A6889622BE3A36C00AE6E41 /* Build configuration list for PBXNativeTarget "asyncAwaitBootcamp" */ = {
			isa = XCConfigurationList;
			buildConfigurations = (
				5A6889632BE3A36C00AE6E41 /* Debug */,
				5A6889642BE3A36C00AE6E41 /* Release */,
			);
			defaultConfigurationIsVisible = 0;
			defaultConfigurationName = Release;
		};
/* End XCConfigurationList section */
	};
	rootObject = 5A68894B2BE3A36900AE6E41 /* Project object */;
}
